
Microsoft Visual Studio Solution File, Format Version 12.00
# Visual Studio Version 17
VisualStudioVersion = 17.14.36414.22
MinimumVisualStudioVersion = 10.0.40219.1
Project("{FAE04EC0-301F-11D3-BF4B-00C04F79EFBC}") = "BlogApp", "BlogApp\BlogApp.csproj", "{7A15C2C0-1B2B-4FCF-BE20-4CCC854B1601}"
	ProjectSection(ProjectDependencies) = postProject
		{7A161E18-8434-43C4-84FB-8D78A057B987} = {7A161E18-8434-43C4-84FB-8D78A057B987}
		{BA13B2EE-02DC-4AE0-8D8D-0002560E02B8} = {BA13B2EE-02DC-4AE0-8D8D-0002560E02B8}
	EndProjectSection
EndProject
Project("{FAE04EC0-301F-11D3-BF4B-00C04F79EFBC}") = "BlogApp.Business", "BlogApp.Business\BlogApp.Business.csproj", "{BA13B2EE-02DC-4AE0-8D8D-0002560E02B8}"
	ProjectSection(ProjectDependencies) = postProject
		{7A161E18-8434-43C4-84FB-8D78A057B987} = {7A161E18-8434-43C4-84FB-8D78A057B987}
	EndProjectSection
EndProject
Project("{FAE04EC0-301F-11D3-BF4B-00C04F79EFBC}") = "BlogAppData", "BlogApp.Data\BlogAppData.csproj", "{7A161E18-8434-43C4-84FB-8D78A057B987}"
EndProject
Global
	GlobalSection(SolutionConfigurationPlatforms) = preSolution
		Debug|Any CPU = Debug|Any CPU
		Release|Any CPU = Release|Any CPU
	EndGlobalSection
	GlobalSection(ProjectConfigurationPlatforms) = postSolution
		{7A15C2C0-1B2B-4FCF-BE20-4CCC854B1601}.Debug|Any CPU.ActiveCfg = Debug|Any CPU
		{7A15C2C0-1B2B-4FCF-BE20-4CCC854B1601}.Debug|Any CPU.Build.0 = Debug|Any CPU
		{7A15C2C0-1B2B-4FCF-BE20-4CCC854B1601}.Release|Any CPU.ActiveCfg = Release|Any CPU
		{7A15C2C0-1B2B-4FCF-BE20-4CCC854B1601}.Release|Any CPU.Build.0 = Release|Any CPU
		{BA13B2EE-02DC-4AE0-8D8D-0002560E02B8}.Debug|Any CPU.ActiveCfg = Debug|Any CPU
		{BA13B2EE-02DC-4AE0-8D8D-0002560E02B8}.Debug|Any CPU.Build.0 = Debug|Any CPU
		{BA13B2EE-02DC-4AE0-8D8D-0002560E02B8}.Release|Any CPU.ActiveCfg = Release|Any CPU
		{BA13B2EE-02DC-4AE0-8D8D-0002560E02B8}.Release|Any CPU.Build.0 = Release|Any CPU
		{7A161E18-8434-43C4-84FB-8D78A057B987}.Debug|Any CPU.ActiveCfg = Debug|Any CPU
		{7A161E18-8434-43C4-84FB-8D78A057B987}.Debug|Any CPU.Build.0 = Debug|Any CPU
		{7A161E18-8434-43C4-84FB-8D78A057B987}.Release|Any CPU.ActiveCfg = Release|Any CPU
		{7A161E18-8434-43C4-84FB-8D78A057B987}.Release|Any CPU.Build.0 = Release|Any CPU
	EndGlobalSection
	GlobalSection(SolutionProperties) = preSolution
		HideSolutionNode = FALSE
	EndGlobalSection
	GlobalSection(ExtensibilityGlobals) = postSolution
		SolutionGuid = {4F192607-BB2A-46B8-B244-D015B44736BD}
	EndGlobalSection
EndGlobal
